// !$*UTF8*$!
{
	archiveVersion = 1;
	classes = {
	};
	objectVersion = 48;
	objects = {

/* Begin PBXBuildFile section */
		467D61F67CC5DE7291050A60 /* Pods_BusinessContacts.framework in Frameworks */ = {isa = PBXBuildFile; fileRef = 1C20521F5906CE353E85B65C /* Pods_BusinessContacts.framework */; };
		AF013D2A22EDA9A100B8E28B /* PaginationModel.swift in Sources */ = {isa = PBXBuildFile; fileRef = AF013D2922EDA9A100B8E28B /* PaginationModel.swift */; };
		AF013D2D22EDB73000B8E28B /* PaginationHandler.swift in Sources */ = {isa = PBXBuildFile; fileRef = AF013D2C22EDB73000B8E28B /* PaginationHandler.swift */; };
		AF013D2F22EDB73E00B8E28B /* PaginationHandlerProtocol.swift in Sources */ = {isa = PBXBuildFile; fileRef = AF013D2E22EDB73E00B8E28B /* PaginationHandlerProtocol.swift */; };
		AF013D3122EDC6DD00B8E28B /* Dynamic.swift in Sources */ = {isa = PBXBuildFile; fileRef = AF013D3022EDC6DD00B8E28B /* Dynamic.swift */; };
		AF14D32922E9E6A700875B25 /* dummyWrong.json in Resources */ = {isa = PBXBuildFile; fileRef = AF14D32822E9E6A700875B25 /* dummyWrong.json */; };
		AF17F77920BE6434003D82B1 /* BusinessContacts.xcdatamodeld in Sources */ = {isa = PBXBuildFile; fileRef = AF17F77720BE6434003D82B1 /* BusinessContacts.xcdatamodeld */; };
		AF17F78920BE6434003D82B1 /* BusinessContactsTests.swift in Sources */ = {isa = PBXBuildFile; fileRef = AF17F78820BE6434003D82B1 /* BusinessContactsTests.swift */; };
		AF17F79420BE6434003D82B1 /* BusinessContactsUITests.swift in Sources */ = {isa = PBXBuildFile; fileRef = AF17F79320BE6434003D82B1 /* BusinessContactsUITests.swift */; };
		AF17F7D320BE769A003D82B1 /* UIColor.swift in Sources */ = {isa = PBXBuildFile; fileRef = AF17F7A420BE7699003D82B1 /* UIColor.swift */; };
		AF17F7D420BE769A003D82B1 /* String.swift in Sources */ = {isa = PBXBuildFile; fileRef = AF17F7A520BE7699003D82B1 /* String.swift */; };
		AF17F7D520BE769A003D82B1 /* Reachability.swift in Sources */ = {isa = PBXBuildFile; fileRef = AF17F7A720BE7699003D82B1 /* Reachability.swift */; };
		AF17F7D620BE769A003D82B1 /* RootViewManager.swift in Sources */ = {isa = PBXBuildFile; fileRef = AF17F7A820BE7699003D82B1 /* RootViewManager.swift */; };
		AF17F7DB20BE769A003D82B1 /* LaunchScreen.storyboard in Resources */ = {isa = PBXBuildFile; fileRef = AF17F7AF20BE7699003D82B1 /* LaunchScreen.storyboard */; };
		AF17F7DC20BE769A003D82B1 /* Main.storyboard in Resources */ = {isa = PBXBuildFile; fileRef = AF17F7B020BE7699003D82B1 /* Main.storyboard */; };
		AF17F7E120BE769A003D82B1 /* DynamicValue.swift in Sources */ = {isa = PBXBuildFile; fileRef = AF17F7BA20BE769A003D82B1 /* DynamicValue.swift */; };
		AF17F7E520BE769A003D82B1 /* AppDelegate.swift in Sources */ = {isa = PBXBuildFile; fileRef = AF17F7C020BE769A003D82B1 /* AppDelegate.swift */; };
		AF17F7E720BE769A003D82B1 /* ThemeColor.swift in Sources */ = {isa = PBXBuildFile; fileRef = AF17F7C420BE769A003D82B1 /* ThemeColor.swift */; };
		AF17F7E820BE769A003D82B1 /* Assets.xcassets in Resources */ = {isa = PBXBuildFile; fileRef = AF17F7C620BE769A003D82B1 /* Assets.xcassets */; };
		AF17F7E920BE769A003D82B1 /* Result.swift in Sources */ = {isa = PBXBuildFile; fileRef = AF17F7C920BE769A003D82B1 /* Result.swift */; };
		AF17F7EA20BE769A003D82B1 /* ErrorResult.swift in Sources */ = {isa = PBXBuildFile; fileRef = AF17F7CA20BE769A003D82B1 /* ErrorResult.swift */; };
		AF17F7EB20BE769A003D82B1 /* ImageManager.swift in Sources */ = {isa = PBXBuildFile; fileRef = AF17F7CC20BE769A003D82B1 /* ImageManager.swift */; };
		AF17F7EC20BE769A003D82B1 /* RequestService.swift in Sources */ = {isa = PBXBuildFile; fileRef = AF17F7CD20BE769A003D82B1 /* RequestService.swift */; };
		AF17F7ED20BE769A003D82B1 /* RequestHandler.swift in Sources */ = {isa = PBXBuildFile; fileRef = AF17F7CE20BE769A003D82B1 /* RequestHandler.swift */; };
		AF17F7EE20BE769A003D82B1 /* RequestFactory.swift in Sources */ = {isa = PBXBuildFile; fileRef = AF17F7CF20BE769A003D82B1 /* RequestFactory.swift */; };
		AF17F7EF20BE769A003D82B1 /* ParserHelper.swift in Sources */ = {isa = PBXBuildFile; fileRef = AF17F7D120BE769A003D82B1 /* ParserHelper.swift */; };
		AF18015622E9BD1700BF74F1 /* ContactsServiceProtocol.swift in Sources */ = {isa = PBXBuildFile; fileRef = AF18015522E9BD1700BF74F1 /* ContactsServiceProtocol.swift */; };
		AF31FA1F20BECE31007F88B2 /* UIView.swift in Sources */ = {isa = PBXBuildFile; fileRef = AF31FA1E20BECE31007F88B2 /* UIView.swift */; };
		AF31FA2120BED8CD007F88B2 /* Gender.swift in Sources */ = {isa = PBXBuildFile; fileRef = AF31FA2020BED8CD007F88B2 /* Gender.swift */; };
		AF31FA2320BEF522007F88B2 /* ContactsDataSourceTests.swift in Sources */ = {isa = PBXBuildFile; fileRef = AF31FA2220BEF522007F88B2 /* ContactsDataSourceTests.swift */; };
		AF31FA2520BEF543007F88B2 /* ContactsServiceTests.swift in Sources */ = {isa = PBXBuildFile; fileRef = AF31FA2420BEF543007F88B2 /* ContactsServiceTests.swift */; };
		AF31FA2720BEF55F007F88B2 /* ContactsViewControllerTests.swift in Sources */ = {isa = PBXBuildFile; fileRef = AF31FA2620BEF55F007F88B2 /* ContactsViewControllerTests.swift */; };
		AF31FA2920BEF574007F88B2 /* ContactsModelTests.swift in Sources */ = {isa = PBXBuildFile; fileRef = AF31FA2820BEF574007F88B2 /* ContactsModelTests.swift */; };
		AF31FA2B20BEF5AB007F88B2 /* ContactsViewModelTests.swift in Sources */ = {isa = PBXBuildFile; fileRef = AF31FA2A20BEF5AB007F88B2 /* ContactsViewModelTests.swift */; };
		AF3EBCDC22EB1E04005D672D /* ContactType.swift in Sources */ = {isa = PBXBuildFile; fileRef = AF3EBCDB22EB1E04005D672D /* ContactType.swift */; };
		AF49B6A420BEA1CC00B01214 /* contacts.json in Resources */ = {isa = PBXBuildFile; fileRef = AF49B6A320BEA1CB00B01214 /* contacts.json */; };
		AF49B6A620BEA2EE00B01214 /* PortraitCollectionViewCell.swift in Sources */ = {isa = PBXBuildFile; fileRef = AF49B6A520BEA2EE00B01214 /* PortraitCollectionViewCell.swift */; };
		AF7069CA22DDF2770078D700 /* .swiftlint.yml in Resources */ = {isa = PBXBuildFile; fileRef = AF7069C922DDF2770078D700 /* .swiftlint.yml */; };
		AF7069CE22DDFA560078D700 /* ContactsViewModelProtocol.swift in Sources */ = {isa = PBXBuildFile; fileRef = AF7069CD22DDFA560078D700 /* ContactsViewModelProtocol.swift */; };
		AF7E6B8F22E9BEB20003177B /* MockData.swift in Sources */ = {isa = PBXBuildFile; fileRef = AF7E6B8E22E9BEB20003177B /* MockData.swift */; };
		AF7E6B9122E9BED80003177B /* MockContactsService.swift in Sources */ = {isa = PBXBuildFile; fileRef = AF7E6B9022E9BED80003177B /* MockContactsService.swift */; };
		AFCA200B20BE883500E5C147 /* ContactsViewController.swift in Sources */ = {isa = PBXBuildFile; fileRef = AFCA200A20BE883500E5C147 /* ContactsViewController.swift */; };
		AFCA200D20BE8A6C00E5C147 /* ContactsViewModel.swift in Sources */ = {isa = PBXBuildFile; fileRef = AFCA200C20BE8A6C00E5C147 /* ContactsViewModel.swift */; };
		AFCA200F20BE8A8500E5C147 /* ContactsDataSource.swift in Sources */ = {isa = PBXBuildFile; fileRef = AFCA200E20BE8A8500E5C147 /* ContactsDataSource.swift */; };
		AFCA201120BE8BBB00E5C147 /* ContactsModel.swift in Sources */ = {isa = PBXBuildFile; fileRef = AFCA201020BE8BBB00E5C147 /* ContactsModel.swift */; };
		AFCA202820BE8D4A00E5C147 /* ContactsService.swift in Sources */ = {isa = PBXBuildFile; fileRef = AFCA202720BE8D4A00E5C147 /* ContactsService.swift */; };
		AFCA206B20BE95B500E5C147 /* .gitignore in Resources */ = {isa = PBXBuildFile; fileRef = AFCA206A20BE95B500E5C147 /* .gitignore */; };
		B783D5CA0DBB34A9A08097B3 /* Pods_BusinessContactsUITests.framework in Frameworks */ = {isa = PBXBuildFile; fileRef = E68BD858D6B860A5367F31FF /* Pods_BusinessContactsUITests.framework */; };
		D0E49B560B7B157B50C445CB /* Pods_BusinessContactsTests.framework in Frameworks */ = {isa = PBXBuildFile; fileRef = D48F80CC7F94B89C1B1E67A3 /* Pods_BusinessContactsTests.framework */; };
/* End PBXBuildFile section */

/* Begin PBXContainerItemProxy section */
		AF17F78520BE6434003D82B1 /* PBXContainerItemProxy */ = {
			isa = PBXContainerItemProxy;
			containerPortal = AF17F76520BE6434003D82B1 /* Project object */;
			proxyType = 1;
			remoteGlobalIDString = AF17F76C20BE6434003D82B1;
			remoteInfo = BusinessContacts;
		};
		AF17F79020BE6434003D82B1 /* PBXContainerItemProxy */ = {
			isa = PBXContainerItemProxy;
			containerPortal = AF17F76520BE6434003D82B1 /* Project object */;
			proxyType = 1;
			remoteGlobalIDString = AF17F76C20BE6434003D82B1;
			remoteInfo = BusinessContacts;
		};
/* End PBXContainerItemProxy section */

/* Begin PBXFileReference section */
		1C20521F5906CE353E85B65C /* Pods_BusinessContacts.framework */ = {isa = PBXFileReference; explicitFileType = wrapper.framework; includeInIndex = 0; path = Pods_BusinessContacts.framework; sourceTree = BUILT_PRODUCTS_DIR; };
		7228EB8617D5C8B87585AFCE /* Pods-BusinessContacts.debug.xcconfig */ = {isa = PBXFileReference; includeInIndex = 1; lastKnownFileType = text.xcconfig; name = "Pods-BusinessContacts.debug.xcconfig"; path = "Target Support Files/Pods-BusinessContacts/Pods-BusinessContacts.debug.xcconfig"; sourceTree = "<group>"; };
		767F0CB1AEF8E6D04C08E481 /* Pods-BusinessContactsUITests.debug.xcconfig */ = {isa = PBXFileReference; includeInIndex = 1; lastKnownFileType = text.xcconfig; name = "Pods-BusinessContactsUITests.debug.xcconfig"; path = "Target Support Files/Pods-BusinessContactsUITests/Pods-BusinessContactsUITests.debug.xcconfig"; sourceTree = "<group>"; };
		77E5D4C7DA82F4DB61B81F66 /* Pods-BusinessContactsUITests.release.xcconfig */ = {isa = PBXFileReference; includeInIndex = 1; lastKnownFileType = text.xcconfig; name = "Pods-BusinessContactsUITests.release.xcconfig"; path = "Target Support Files/Pods-BusinessContactsUITests/Pods-BusinessContactsUITests.release.xcconfig"; sourceTree = "<group>"; };
		87650F82D27C540EB4D73BBC /* Pods-BusinessContactsTests.release.xcconfig */ = {isa = PBXFileReference; includeInIndex = 1; lastKnownFileType = text.xcconfig; name = "Pods-BusinessContactsTests.release.xcconfig"; path = "Target Support Files/Pods-BusinessContactsTests/Pods-BusinessContactsTests.release.xcconfig"; sourceTree = "<group>"; };
		AF013D2922EDA9A100B8E28B /* PaginationModel.swift */ = {isa = PBXFileReference; lastKnownFileType = sourcecode.swift; path = PaginationModel.swift; sourceTree = "<group>"; };
		AF013D2C22EDB73000B8E28B /* PaginationHandler.swift */ = {isa = PBXFileReference; lastKnownFileType = sourcecode.swift; path = PaginationHandler.swift; sourceTree = "<group>"; };
		AF013D2E22EDB73E00B8E28B /* PaginationHandlerProtocol.swift */ = {isa = PBXFileReference; lastKnownFileType = sourcecode.swift; path = PaginationHandlerProtocol.swift; sourceTree = "<group>"; };
		AF013D3022EDC6DD00B8E28B /* Dynamic.swift */ = {isa = PBXFileReference; lastKnownFileType = sourcecode.swift; path = Dynamic.swift; sourceTree = "<group>"; };
		AF14D32822E9E6A700875B25 /* dummyWrong.json */ = {isa = PBXFileReference; lastKnownFileType = text.json; path = dummyWrong.json; sourceTree = "<group>"; };
		AF17F76D20BE6434003D82B1 /* BusinessContacts.app */ = {isa = PBXFileReference; explicitFileType = wrapper.application; includeInIndex = 0; path = BusinessContacts.app; sourceTree = BUILT_PRODUCTS_DIR; };
		AF17F77820BE6434003D82B1 /* BusinessContacts.xcdatamodel */ = {isa = PBXFileReference; lastKnownFileType = wrapper.xcdatamodel; path = BusinessContacts.xcdatamodel; sourceTree = "<group>"; };
		AF17F77F20BE6434003D82B1 /* Info.plist */ = {isa = PBXFileReference; lastKnownFileType = text.plist.xml; path = Info.plist; sourceTree = "<group>"; };
		AF17F78420BE6434003D82B1 /* BusinessContactsTests.xctest */ = {isa = PBXFileReference; explicitFileType = wrapper.cfbundle; includeInIndex = 0; path = BusinessContactsTests.xctest; sourceTree = BUILT_PRODUCTS_DIR; };
		AF17F78820BE6434003D82B1 /* BusinessContactsTests.swift */ = {isa = PBXFileReference; lastKnownFileType = sourcecode.swift; path = BusinessContactsTests.swift; sourceTree = "<group>"; };
		AF17F78A20BE6434003D82B1 /* Info.plist */ = {isa = PBXFileReference; lastKnownFileType = text.plist.xml; path = Info.plist; sourceTree = "<group>"; };
		AF17F78F20BE6434003D82B1 /* BusinessContactsUITests.xctest */ = {isa = PBXFileReference; explicitFileType = wrapper.cfbundle; includeInIndex = 0; path = BusinessContactsUITests.xctest; sourceTree = BUILT_PRODUCTS_DIR; };
		AF17F79320BE6434003D82B1 /* BusinessContactsUITests.swift */ = {isa = PBXFileReference; lastKnownFileType = sourcecode.swift; path = BusinessContactsUITests.swift; sourceTree = "<group>"; };
		AF17F79520BE6434003D82B1 /* Info.plist */ = {isa = PBXFileReference; lastKnownFileType = text.plist.xml; path = Info.plist; sourceTree = "<group>"; };
		AF17F7A420BE7699003D82B1 /* UIColor.swift */ = {isa = PBXFileReference; fileEncoding = 4; lastKnownFileType = sourcecode.swift; path = UIColor.swift; sourceTree = "<group>"; };
		AF17F7A520BE7699003D82B1 /* String.swift */ = {isa = PBXFileReference; fileEncoding = 4; lastKnownFileType = sourcecode.swift; path = String.swift; sourceTree = "<group>"; };
		AF17F7A720BE7699003D82B1 /* Reachability.swift */ = {isa = PBXFileReference; fileEncoding = 4; lastKnownFileType = sourcecode.swift; path = Reachability.swift; sourceTree = "<group>"; };
		AF17F7A820BE7699003D82B1 /* RootViewManager.swift */ = {isa = PBXFileReference; fileEncoding = 4; lastKnownFileType = sourcecode.swift; path = RootViewManager.swift; sourceTree = "<group>"; };
		AF17F7AF20BE7699003D82B1 /* LaunchScreen.storyboard */ = {isa = PBXFileReference; fileEncoding = 4; lastKnownFileType = file.storyboard; path = LaunchScreen.storyboard; sourceTree = "<group>"; };
		AF17F7B020BE7699003D82B1 /* Main.storyboard */ = {isa = PBXFileReference; fileEncoding = 4; lastKnownFileType = file.storyboard; path = Main.storyboard; sourceTree = "<group>"; };
		AF17F7BA20BE769A003D82B1 /* DynamicValue.swift */ = {isa = PBXFileReference; fileEncoding = 4; lastKnownFileType = sourcecode.swift; path = DynamicValue.swift; sourceTree = "<group>"; };
		AF17F7C020BE769A003D82B1 /* AppDelegate.swift */ = {isa = PBXFileReference; fileEncoding = 4; lastKnownFileType = sourcecode.swift; path = AppDelegate.swift; sourceTree = "<group>"; };
		AF17F7C420BE769A003D82B1 /* ThemeColor.swift */ = {isa = PBXFileReference; fileEncoding = 4; lastKnownFileType = sourcecode.swift; path = ThemeColor.swift; sourceTree = "<group>"; };
		AF17F7C620BE769A003D82B1 /* Assets.xcassets */ = {isa = PBXFileReference; lastKnownFileType = folder.assetcatalog; path = Assets.xcassets; sourceTree = "<group>"; };
		AF17F7C920BE769A003D82B1 /* Result.swift */ = {isa = PBXFileReference; fileEncoding = 4; lastKnownFileType = sourcecode.swift; path = Result.swift; sourceTree = "<group>"; };
		AF17F7CA20BE769A003D82B1 /* ErrorResult.swift */ = {isa = PBXFileReference; fileEncoding = 4; lastKnownFileType = sourcecode.swift; path = ErrorResult.swift; sourceTree = "<group>"; };
		AF17F7CC20BE769A003D82B1 /* ImageManager.swift */ = {isa = PBXFileReference; fileEncoding = 4; lastKnownFileType = sourcecode.swift; path = ImageManager.swift; sourceTree = "<group>"; };
		AF17F7CD20BE769A003D82B1 /* RequestService.swift */ = {isa = PBXFileReference; fileEncoding = 4; lastKnownFileType = sourcecode.swift; path = RequestService.swift; sourceTree = "<group>"; };
		AF17F7CE20BE769A003D82B1 /* RequestHandler.swift */ = {isa = PBXFileReference; fileEncoding = 4; lastKnownFileType = sourcecode.swift; path = RequestHandler.swift; sourceTree = "<group>"; };
		AF17F7CF20BE769A003D82B1 /* RequestFactory.swift */ = {isa = PBXFileReference; fileEncoding = 4; lastKnownFileType = sourcecode.swift; path = RequestFactory.swift; sourceTree = "<group>"; };
		AF17F7D120BE769A003D82B1 /* ParserHelper.swift */ = {isa = PBXFileReference; fileEncoding = 4; lastKnownFileType = sourcecode.swift; path = ParserHelper.swift; sourceTree = "<group>"; };
		AF18015522E9BD1700BF74F1 /* ContactsServiceProtocol.swift */ = {isa = PBXFileReference; lastKnownFileType = sourcecode.swift; path = ContactsServiceProtocol.swift; sourceTree = "<group>"; };
		AF31FA1E20BECE31007F88B2 /* UIView.swift */ = {isa = PBXFileReference; lastKnownFileType = sourcecode.swift; path = UIView.swift; sourceTree = "<group>"; };
		AF31FA2020BED8CD007F88B2 /* Gender.swift */ = {isa = PBXFileReference; lastKnownFileType = sourcecode.swift; path = Gender.swift; sourceTree = "<group>"; };
		AF31FA2220BEF522007F88B2 /* ContactsDataSourceTests.swift */ = {isa = PBXFileReference; lastKnownFileType = sourcecode.swift; path = ContactsDataSourceTests.swift; sourceTree = "<group>"; };
		AF31FA2420BEF543007F88B2 /* ContactsServiceTests.swift */ = {isa = PBXFileReference; lastKnownFileType = sourcecode.swift; path = ContactsServiceTests.swift; sourceTree = "<group>"; };
		AF31FA2620BEF55F007F88B2 /* ContactsViewControllerTests.swift */ = {isa = PBXFileReference; lastKnownFileType = sourcecode.swift; path = ContactsViewControllerTests.swift; sourceTree = "<group>"; };
		AF31FA2820BEF574007F88B2 /* ContactsModelTests.swift */ = {isa = PBXFileReference; lastKnownFileType = sourcecode.swift; path = ContactsModelTests.swift; sourceTree = "<group>"; };
		AF31FA2A20BEF5AB007F88B2 /* ContactsViewModelTests.swift */ = {isa = PBXFileReference; lastKnownFileType = sourcecode.swift; path = ContactsViewModelTests.swift; sourceTree = "<group>"; };
		AF3EBCDB22EB1E04005D672D /* ContactType.swift */ = {isa = PBXFileReference; lastKnownFileType = sourcecode.swift; path = ContactType.swift; sourceTree = "<group>"; };
		AF49B6A320BEA1CB00B01214 /* contacts.json */ = {isa = PBXFileReference; fileEncoding = 4; lastKnownFileType = text.json; path = contacts.json; sourceTree = "<group>"; };
		AF49B6A520BEA2EE00B01214 /* PortraitCollectionViewCell.swift */ = {isa = PBXFileReference; lastKnownFileType = sourcecode.swift; path = PortraitCollectionViewCell.swift; sourceTree = "<group>"; };
		AF7069C922DDF2770078D700 /* .swiftlint.yml */ = {isa = PBXFileReference; lastKnownFileType = text; path = .swiftlint.yml; sourceTree = "<group>"; };
		AF7069CD22DDFA560078D700 /* ContactsViewModelProtocol.swift */ = {isa = PBXFileReference; lastKnownFileType = sourcecode.swift; path = ContactsViewModelProtocol.swift; sourceTree = "<group>"; };
		AF7E6B8E22E9BEB20003177B /* MockData.swift */ = {isa = PBXFileReference; lastKnownFileType = sourcecode.swift; path = MockData.swift; sourceTree = "<group>"; };
		AF7E6B9022E9BED80003177B /* MockContactsService.swift */ = {isa = PBXFileReference; lastKnownFileType = sourcecode.swift; path = MockContactsService.swift; sourceTree = "<group>"; };
		AFCA200A20BE883500E5C147 /* ContactsViewController.swift */ = {isa = PBXFileReference; lastKnownFileType = sourcecode.swift; path = ContactsViewController.swift; sourceTree = "<group>"; };
		AFCA200C20BE8A6C00E5C147 /* ContactsViewModel.swift */ = {isa = PBXFileReference; lastKnownFileType = sourcecode.swift; path = ContactsViewModel.swift; sourceTree = "<group>"; };
		AFCA200E20BE8A8500E5C147 /* ContactsDataSource.swift */ = {isa = PBXFileReference; lastKnownFileType = sourcecode.swift; path = ContactsDataSource.swift; sourceTree = "<group>"; };
		AFCA201020BE8BBB00E5C147 /* ContactsModel.swift */ = {isa = PBXFileReference; lastKnownFileType = sourcecode.swift; path = ContactsModel.swift; sourceTree = "<group>"; };
		AFCA202720BE8D4A00E5C147 /* ContactsService.swift */ = {isa = PBXFileReference; lastKnownFileType = sourcecode.swift; path = ContactsService.swift; sourceTree = "<group>"; };
		AFCA206A20BE95B500E5C147 /* .gitignore */ = {isa = PBXFileReference; lastKnownFileType = text; path = .gitignore; sourceTree = "<group>"; };
		D48F80CC7F94B89C1B1E67A3 /* Pods_BusinessContactsTests.framework */ = {isa = PBXFileReference; explicitFileType = wrapper.framework; includeInIndex = 0; path = Pods_BusinessContactsTests.framework; sourceTree = BUILT_PRODUCTS_DIR; };
		E68BD858D6B860A5367F31FF /* Pods_BusinessContactsUITests.framework */ = {isa = PBXFileReference; explicitFileType = wrapper.framework; includeInIndex = 0; path = Pods_BusinessContactsUITests.framework; sourceTree = BUILT_PRODUCTS_DIR; };
		F83F1E6101AE239E057E9D96 /* Pods-BusinessContactsTests.debug.xcconfig */ = {isa = PBXFileReference; includeInIndex = 1; lastKnownFileType = text.xcconfig; name = "Pods-BusinessContactsTests.debug.xcconfig"; path = "Target Support Files/Pods-BusinessContactsTests/Pods-BusinessContactsTests.debug.xcconfig"; sourceTree = "<group>"; };
		F8CB5819E750D87966824929 /* Pods-BusinessContacts.release.xcconfig */ = {isa = PBXFileReference; includeInIndex = 1; lastKnownFileType = text.xcconfig; name = "Pods-BusinessContacts.release.xcconfig"; path = "Target Support Files/Pods-BusinessContacts/Pods-BusinessContacts.release.xcconfig"; sourceTree = "<group>"; };
/* End PBXFileReference section */

/* Begin PBXFrameworksBuildPhase section */
		AF17F76A20BE6434003D82B1 /* Frameworks */ = {
			isa = PBXFrameworksBuildPhase;
			buildActionMask = 2147483647;
			files = (
				467D61F67CC5DE7291050A60 /* Pods_BusinessContacts.framework in Frameworks */,
			);
			runOnlyForDeploymentPostprocessing = 0;
		};
		AF17F78120BE6434003D82B1 /* Frameworks */ = {
			isa = PBXFrameworksBuildPhase;
			buildActionMask = 2147483647;
			files = (
				D0E49B560B7B157B50C445CB /* Pods_BusinessContactsTests.framework in Frameworks */,
			);
			runOnlyForDeploymentPostprocessing = 0;
		};
		AF17F78C20BE6434003D82B1 /* Frameworks */ = {
			isa = PBXFrameworksBuildPhase;
			buildActionMask = 2147483647;
			files = (
				B783D5CA0DBB34A9A08097B3 /* Pods_BusinessContactsUITests.framework in Frameworks */,
			);
			runOnlyForDeploymentPostprocessing = 0;
		};
/* End PBXFrameworksBuildPhase section */

/* Begin PBXGroup section */
		71BE869B5985960DE35B1145 /* Pods */ = {
			isa = PBXGroup;
			children = (
				7228EB8617D5C8B87585AFCE /* Pods-BusinessContacts.debug.xcconfig */,
				F8CB5819E750D87966824929 /* Pods-BusinessContacts.release.xcconfig */,
				F83F1E6101AE239E057E9D96 /* Pods-BusinessContactsTests.debug.xcconfig */,
				87650F82D27C540EB4D73BBC /* Pods-BusinessContactsTests.release.xcconfig */,
				767F0CB1AEF8E6D04C08E481 /* Pods-BusinessContactsUITests.debug.xcconfig */,
				77E5D4C7DA82F4DB61B81F66 /* Pods-BusinessContactsUITests.release.xcconfig */,
			);
			path = Pods;
			sourceTree = "<group>";
		};
		AF013D2B22EDB6F100B8E28B /* Handler */ = {
			isa = PBXGroup;
			children = (
				AF013D2E22EDB73E00B8E28B /* PaginationHandlerProtocol.swift */,
				AF013D2C22EDB73000B8E28B /* PaginationHandler.swift */,
			);
			path = Handler;
			sourceTree = "<group>";
		};
		AF17F76420BE6434003D82B1 = {
			isa = PBXGroup;
			children = (
				AF7069C922DDF2770078D700 /* .swiftlint.yml */,
				AFCA206A20BE95B500E5C147 /* .gitignore */,
				AF17F76F20BE6434003D82B1 /* BusinessContacts */,
				AF17F78720BE6434003D82B1 /* BusinessContactsTests */,
				AF17F79220BE6434003D82B1 /* BusinessContactsUITests */,
				AF17F76E20BE6434003D82B1 /* Products */,
				71BE869B5985960DE35B1145 /* Pods */,
				C1F00CE05D2C790A27DF0267 /* Frameworks */,
			);
			sourceTree = "<group>";
		};
		AF17F76E20BE6434003D82B1 /* Products */ = {
			isa = PBXGroup;
			children = (
				AF17F76D20BE6434003D82B1 /* BusinessContacts.app */,
				AF17F78420BE6434003D82B1 /* BusinessContactsTests.xctest */,
				AF17F78F20BE6434003D82B1 /* BusinessContactsUITests.xctest */,
			);
			name = Products;
			sourceTree = "<group>";
		};
		AF17F76F20BE6434003D82B1 /* BusinessContacts */ = {
			isa = PBXGroup;
			children = (
				AF17F7BF20BE769A003D82B1 /* AppDelegate */,
				AF17F7C320BE769A003D82B1 /* Constants */,
				AF17F7B820BE769A003D82B1 /* Model */,
				AF17F7BC20BE769A003D82B1 /* ViewModels */,
				AF17F7B120BE769A003D82B1 /* View */,
				AF17F7AB20BE7699003D82B1 /* Controller */,
				AF17F7AE20BE7699003D82B1 /* Storyboard */,
				AFCA202620BE8D3B00E5C147 /* ContactsService */,
				AF17F7C720BE769A003D82B1 /* Services */,
				AF013D2B22EDB6F100B8E28B /* Handler */,
				AF17F7A320BE7699003D82B1 /* Extension */,
				AF17F7C520BE769A003D82B1 /* Resources */,
				AF17F7A620BE7699003D82B1 /* Util */,
				AF17F77F20BE6434003D82B1 /* Info.plist */,
				AF17F77720BE6434003D82B1 /* BusinessContacts.xcdatamodeld */,
			);
			path = BusinessContacts;
			sourceTree = "<group>";
		};
		AF17F78720BE6434003D82B1 /* BusinessContactsTests */ = {
			isa = PBXGroup;
			children = (
				AF18015722E9BDCC00BF74F1 /* MockResources */,
				AF7E6B8B22E9BE190003177B /* MockClass */,
				AF31FA2A20BEF5AB007F88B2 /* ContactsViewModelTests.swift */,
				AF31FA2220BEF522007F88B2 /* ContactsDataSourceTests.swift */,
				AF31FA2420BEF543007F88B2 /* ContactsServiceTests.swift */,
				AF31FA2820BEF574007F88B2 /* ContactsModelTests.swift */,
				AF31FA2620BEF55F007F88B2 /* ContactsViewControllerTests.swift */,
				AF17F78820BE6434003D82B1 /* BusinessContactsTests.swift */,
				AF17F78A20BE6434003D82B1 /* Info.plist */,
			);
			path = BusinessContactsTests;
			sourceTree = "<group>";
		};
		AF17F79220BE6434003D82B1 /* BusinessContactsUITests */ = {
			isa = PBXGroup;
			children = (
				AF17F79320BE6434003D82B1 /* BusinessContactsUITests.swift */,
				AF17F79520BE6434003D82B1 /* Info.plist */,
			);
			path = BusinessContactsUITests;
			sourceTree = "<group>";
		};
		AF17F7A320BE7699003D82B1 /* Extension */ = {
			isa = PBXGroup;
			children = (
				AF17F7A420BE7699003D82B1 /* UIColor.swift */,
				AF17F7A520BE7699003D82B1 /* String.swift */,
				AF31FA1E20BECE31007F88B2 /* UIView.swift */,
			);
			path = Extension;
			sourceTree = "<group>";
		};
		AF17F7A620BE7699003D82B1 /* Util */ = {
			isa = PBXGroup;
			children = (
				AF17F7A720BE7699003D82B1 /* Reachability.swift */,
				AF17F7A820BE7699003D82B1 /* RootViewManager.swift */,
			);
			path = Util;
			sourceTree = "<group>";
		};
		AF17F7AB20BE7699003D82B1 /* Controller */ = {
			isa = PBXGroup;
			children = (
				AFCA200A20BE883500E5C147 /* ContactsViewController.swift */,
			);
			path = Controller;
			sourceTree = "<group>";
		};
		AF17F7AE20BE7699003D82B1 /* Storyboard */ = {
			isa = PBXGroup;
			children = (
				AF17F7AF20BE7699003D82B1 /* LaunchScreen.storyboard */,
				AF17F7B020BE7699003D82B1 /* Main.storyboard */,
			);
			path = Storyboard;
			sourceTree = "<group>";
		};
		AF17F7B120BE769A003D82B1 /* View */ = {
			isa = PBXGroup;
			children = (
				AF17F7B220BE769A003D82B1 /* CollectionViewCell */,
			);
			path = View;
			sourceTree = "<group>";
		};
		AF17F7B220BE769A003D82B1 /* CollectionViewCell */ = {
			isa = PBXGroup;
			children = (
				AF49B6A520BEA2EE00B01214 /* PortraitCollectionViewCell.swift */,
			);
			path = CollectionViewCell;
			sourceTree = "<group>";
		};
		AF17F7B820BE769A003D82B1 /* Model */ = {
			isa = PBXGroup;
			children = (
				AF31FA2020BED8CD007F88B2 /* Gender.swift */,
				AFCA201020BE8BBB00E5C147 /* ContactsModel.swift */,
				AF3EBCDB22EB1E04005D672D /* ContactType.swift */,
				AF013D2922EDA9A100B8E28B /* PaginationModel.swift */,
			);
			path = Model;
			sourceTree = "<group>";
		};
		AF17F7BC20BE769A003D82B1 /* ViewModels */ = {
			isa = PBXGroup;
			children = (
				AF7069CD22DDFA560078D700 /* ContactsViewModelProtocol.swift */,
				AFCA200C20BE8A6C00E5C147 /* ContactsViewModel.swift */,
				AFCA200E20BE8A8500E5C147 /* ContactsDataSource.swift */,
				AF17F7BA20BE769A003D82B1 /* DynamicValue.swift */,
				AF013D3022EDC6DD00B8E28B /* Dynamic.swift */,
			);
			path = ViewModels;
			sourceTree = "<group>";
		};
		AF17F7BF20BE769A003D82B1 /* AppDelegate */ = {
			isa = PBXGroup;
			children = (
				AF17F7C020BE769A003D82B1 /* AppDelegate.swift */,
			);
			path = AppDelegate;
			sourceTree = "<group>";
		};
		AF17F7C320BE769A003D82B1 /* Constants */ = {
			isa = PBXGroup;
			children = (
				AF17F7C420BE769A003D82B1 /* ThemeColor.swift */,
			);
			path = Constants;
			sourceTree = "<group>";
		};
		AF17F7C520BE769A003D82B1 /* Resources */ = {
			isa = PBXGroup;
			children = (
				AF17F7C620BE769A003D82B1 /* Assets.xcassets */,
			);
			path = Resources;
			sourceTree = "<group>";
		};
		AF17F7C720BE769A003D82B1 /* Services */ = {
			isa = PBXGroup;
			children = (
				AF17F7C820BE769A003D82B1 /* Result */,
				AF17F7CB20BE769A003D82B1 /* Network */,
				AF17F7D020BE769A003D82B1 /* Parser */,
			);
			path = Services;
			sourceTree = "<group>";
		};
		AF17F7C820BE769A003D82B1 /* Result */ = {
			isa = PBXGroup;
			children = (
				AF17F7C920BE769A003D82B1 /* Result.swift */,
				AF17F7CA20BE769A003D82B1 /* ErrorResult.swift */,
			);
			path = Result;
			sourceTree = "<group>";
		};
		AF17F7CB20BE769A003D82B1 /* Network */ = {
			isa = PBXGroup;
			children = (
				AF17F7CC20BE769A003D82B1 /* ImageManager.swift */,
				AF17F7CD20BE769A003D82B1 /* RequestService.swift */,
				AF17F7CE20BE769A003D82B1 /* RequestHandler.swift */,
				AF17F7CF20BE769A003D82B1 /* RequestFactory.swift */,
			);
			path = Network;
			sourceTree = "<group>";
		};
		AF17F7D020BE769A003D82B1 /* Parser */ = {
			isa = PBXGroup;
			children = (
				AF17F7D120BE769A003D82B1 /* ParserHelper.swift */,
			);
			path = Parser;
			sourceTree = "<group>";
		};
		AF18015722E9BDCC00BF74F1 /* MockResources */ = {
			isa = PBXGroup;
			children = (
				AF49B6A320BEA1CB00B01214 /* contacts.json */,
				AF14D32822E9E6A700875B25 /* dummyWrong.json */,
			);
			path = MockResources;
			sourceTree = "<group>";
		};
		AF7E6B8B22E9BE190003177B /* MockClass */ = {
			isa = PBXGroup;
			children = (
				AF7E6B8E22E9BEB20003177B /* MockData.swift */,
				AF7E6B9022E9BED80003177B /* MockContactsService.swift */,
			);
			path = MockClass;
			sourceTree = "<group>";
		};
		AFCA202620BE8D3B00E5C147 /* ContactsService */ = {
			isa = PBXGroup;
			children = (
				AF18015522E9BD1700BF74F1 /* ContactsServiceProtocol.swift */,
				AFCA202720BE8D4A00E5C147 /* ContactsService.swift */,
			);
			path = ContactsService;
			sourceTree = "<group>";
		};
		C1F00CE05D2C790A27DF0267 /* Frameworks */ = {
			isa = PBXGroup;
			children = (
				1C20521F5906CE353E85B65C /* Pods_BusinessContacts.framework */,
				D48F80CC7F94B89C1B1E67A3 /* Pods_BusinessContactsTests.framework */,
				E68BD858D6B860A5367F31FF /* Pods_BusinessContactsUITests.framework */,
			);
			name = Frameworks;
			sourceTree = "<group>";
		};
/* End PBXGroup section */

/* Begin PBXNativeTarget section */
		AF17F76C20BE6434003D82B1 /* BusinessContacts */ = {
			isa = PBXNativeTarget;
			buildConfigurationList = AF17F79820BE6434003D82B1 /* Build configuration list for PBXNativeTarget "BusinessContacts" */;
			buildPhases = (
				E7C4CC52CADAAC6F9D50BCD8 /* [CP] Check Pods Manifest.lock */,
				AF17F76920BE6434003D82B1 /* Sources */,
				AF17F76A20BE6434003D82B1 /* Frameworks */,
				AF17F76B20BE6434003D82B1 /* Resources */,
			);
			buildRules = (
			);
			dependencies = (
			);
			name = BusinessContacts;
			productName = BusinessContacts;
			productReference = AF17F76D20BE6434003D82B1 /* BusinessContacts.app */;
			productType = "com.apple.product-type.application";
		};
		AF17F78320BE6434003D82B1 /* BusinessContactsTests */ = {
			isa = PBXNativeTarget;
			buildConfigurationList = AF17F79B20BE6434003D82B1 /* Build configuration list for PBXNativeTarget "BusinessContactsTests" */;
			buildPhases = (
				7C56772A8C652D1915093451 /* [CP] Check Pods Manifest.lock */,
				AF17F78020BE6434003D82B1 /* Sources */,
				AF17F78120BE6434003D82B1 /* Frameworks */,
				AF17F78220BE6434003D82B1 /* Resources */,
			);
			buildRules = (
			);
			dependencies = (
				AF17F78620BE6434003D82B1 /* PBXTargetDependency */,
			);
			name = BusinessContactsTests;
			productName = BusinessContactsTests;
			productReference = AF17F78420BE6434003D82B1 /* BusinessContactsTests.xctest */;
			productType = "com.apple.product-type.bundle.unit-test";
		};
		AF17F78E20BE6434003D82B1 /* BusinessContactsUITests */ = {
			isa = PBXNativeTarget;
			buildConfigurationList = AF17F79E20BE6434003D82B1 /* Build configuration list for PBXNativeTarget "BusinessContactsUITests" */;
			buildPhases = (
				0B699B813357B8B90717CCED /* [CP] Check Pods Manifest.lock */,
				AF17F78B20BE6434003D82B1 /* Sources */,
				AF17F78C20BE6434003D82B1 /* Frameworks */,
				AF17F78D20BE6434003D82B1 /* Resources */,
			);
			buildRules = (
			);
			dependencies = (
				AF17F79120BE6434003D82B1 /* PBXTargetDependency */,
			);
			name = BusinessContactsUITests;
			productName = BusinessContactsUITests;
			productReference = AF17F78F20BE6434003D82B1 /* BusinessContactsUITests.xctest */;
			productType = "com.apple.product-type.bundle.ui-testing";
		};
/* End PBXNativeTarget section */

/* Begin PBXProject section */
		AF17F76520BE6434003D82B1 /* Project object */ = {
			isa = PBXProject;
			attributes = {
				LastSwiftUpdateCheck = 0920;
				LastUpgradeCheck = 1020;
				ORGANIZATIONNAME = NischalHada;
				TargetAttributes = {
					AF17F76C20BE6434003D82B1 = {
						CreatedOnToolsVersion = 9.2;
						LastSwiftMigration = 1020;
						ProvisioningStyle = Automatic;
					};
					AF17F78320BE6434003D82B1 = {
						CreatedOnToolsVersion = 9.2;
						LastSwiftMigration = 1020;
						ProvisioningStyle = Automatic;
						TestTargetID = AF17F76C20BE6434003D82B1;
					};
					AF17F78E20BE6434003D82B1 = {
						CreatedOnToolsVersion = 9.2;
						LastSwiftMigration = 1020;
						ProvisioningStyle = Automatic;
						TestTargetID = AF17F76C20BE6434003D82B1;
					};
				};
			};
			buildConfigurationList = AF17F76820BE6434003D82B1 /* Build configuration list for PBXProject "BusinessContacts" */;
			compatibilityVersion = "Xcode 8.0";
			developmentRegion = en;
			hasScannedForEncodings = 0;
			knownRegions = (
				en,
				Base,
			);
			mainGroup = AF17F76420BE6434003D82B1;
			productRefGroup = AF17F76E20BE6434003D82B1 /* Products */;
			projectDirPath = "";
			projectRoot = "";
			targets = (
				AF17F76C20BE6434003D82B1 /* BusinessContacts */,
				AF17F78320BE6434003D82B1 /* BusinessContactsTests */,
				AF17F78E20BE6434003D82B1 /* BusinessContactsUITests */,
			);
		};
/* End PBXProject section */

/* Begin PBXResourcesBuildPhase section */
		AF17F76B20BE6434003D82B1 /* Resources */ = {
			isa = PBXResourcesBuildPhase;
			buildActionMask = 2147483647;
			files = (
				AF7069CA22DDF2770078D700 /* .swiftlint.yml in Resources */,
				AFCA206B20BE95B500E5C147 /* .gitignore in Resources */,
				AF17F7DB20BE769A003D82B1 /* LaunchScreen.storyboard in Resources */,
				AF17F7E820BE769A003D82B1 /* Assets.xcassets in Resources */,
				AF17F7DC20BE769A003D82B1 /* Main.storyboard in Resources */,
			);
			runOnlyForDeploymentPostprocessing = 0;
		};
		AF17F78220BE6434003D82B1 /* Resources */ = {
			isa = PBXResourcesBuildPhase;
			buildActionMask = 2147483647;
			files = (
				AF14D32922E9E6A700875B25 /* dummyWrong.json in Resources */,
				AF49B6A420BEA1CC00B01214 /* contacts.json in Resources */,
			);
			runOnlyForDeploymentPostprocessing = 0;
		};
		AF17F78D20BE6434003D82B1 /* Resources */ = {
			isa = PBXResourcesBuildPhase;
			buildActionMask = 2147483647;
			files = (
			);
			runOnlyForDeploymentPostprocessing = 0;
		};
/* End PBXResourcesBuildPhase section */

/* Begin PBXShellScriptBuildPhase section */
		0B699B813357B8B90717CCED /* [CP] Check Pods Manifest.lock */ = {
			isa = PBXShellScriptBuildPhase;
			buildActionMask = 2147483647;
			files = (
			);
			inputFileListPaths = (
			);
			inputPaths = (
				"${PODS_PODFILE_DIR_PATH}/Podfile.lock",
				"${PODS_ROOT}/Manifest.lock",
			);
			name = "[CP] Check Pods Manifest.lock";
			outputFileListPaths = (
			);
			outputPaths = (
				"$(DERIVED_FILE_DIR)/Pods-BusinessContactsUITests-checkManifestLockResult.txt",
			);
			runOnlyForDeploymentPostprocessing = 0;
			shellPath = /bin/sh;
			shellScript = "diff \"${PODS_PODFILE_DIR_PATH}/Podfile.lock\" \"${PODS_ROOT}/Manifest.lock\" > /dev/null\nif [ $? != 0 ] ; then\n    # print error to STDERR\n    echo \"error: The sandbox is not in sync with the Podfile.lock. Run 'pod install' or update your CocoaPods installation.\" >&2\n    exit 1\nfi\n# This output is used by Xcode 'outputs' to avoid re-running this script phase.\necho \"SUCCESS\" > \"${SCRIPT_OUTPUT_FILE_0}\"\n";
			showEnvVarsInLog = 0;
		};
		7C56772A8C652D1915093451 /* [CP] Check Pods Manifest.lock */ = {
			isa = PBXShellScriptBuildPhase;
			buildActionMask = 2147483647;
			files = (
			);
			inputFileListPaths = (
			);
			inputPaths = (
				"${PODS_PODFILE_DIR_PATH}/Podfile.lock",
				"${PODS_ROOT}/Manifest.lock",
			);
			name = "[CP] Check Pods Manifest.lock";
			outputFileListPaths = (
			);
			outputPaths = (
				"$(DERIVED_FILE_DIR)/Pods-BusinessContactsTests-checkManifestLockResult.txt",
			);
			runOnlyForDeploymentPostprocessing = 0;
			shellPath = /bin/sh;
			shellScript = "diff \"${PODS_PODFILE_DIR_PATH}/Podfile.lock\" \"${PODS_ROOT}/Manifest.lock\" > /dev/null\nif [ $? != 0 ] ; then\n    # print error to STDERR\n    echo \"error: The sandbox is not in sync with the Podfile.lock. Run 'pod install' or update your CocoaPods installation.\" >&2\n    exit 1\nfi\n# This output is used by Xcode 'outputs' to avoid re-running this script phase.\necho \"SUCCESS\" > \"${SCRIPT_OUTPUT_FILE_0}\"\n";
			showEnvVarsInLog = 0;
		};
		E7C4CC52CADAAC6F9D50BCD8 /* [CP] Check Pods Manifest.lock */ = {
			isa = PBXShellScriptBuildPhase;
			buildActionMask = 2147483647;
			files = (
			);
			inputFileListPaths = (
			);
			inputPaths = (
				"${PODS_PODFILE_DIR_PATH}/Podfile.lock",
				"${PODS_ROOT}/Manifest.lock",
			);
			name = "[CP] Check Pods Manifest.lock";
			outputFileListPaths = (
			);
			outputPaths = (
				"$(DERIVED_FILE_DIR)/Pods-BusinessContacts-checkManifestLockResult.txt",
			);
			runOnlyForDeploymentPostprocessing = 0;
			shellPath = /bin/sh;
			shellScript = "diff \"${PODS_PODFILE_DIR_PATH}/Podfile.lock\" \"${PODS_ROOT}/Manifest.lock\" > /dev/null\nif [ $? != 0 ] ; then\n    # print error to STDERR\n    echo \"error: The sandbox is not in sync with the Podfile.lock. Run 'pod install' or update your CocoaPods installation.\" >&2\n    exit 1\nfi\n# This output is used by Xcode 'outputs' to avoid re-running this script phase.\necho \"SUCCESS\" > \"${SCRIPT_OUTPUT_FILE_0}\"\n";
			showEnvVarsInLog = 0;
		};
/* End PBXShellScriptBuildPhase section */

/* Begin PBXSourcesBuildPhase section */
		AF17F76920BE6434003D82B1 /* Sources */ = {
			isa = PBXSourcesBuildPhase;
			buildActionMask = 2147483647;
			files = (
				AF18015622E9BD1700BF74F1 /* ContactsServiceProtocol.swift in Sources */,
				AFCA200D20BE8A6C00E5C147 /* ContactsViewModel.swift in Sources */,
				AF17F7EC20BE769A003D82B1 /* RequestService.swift in Sources */,
				AFCA200B20BE883500E5C147 /* ContactsViewController.swift in Sources */,
				AF7069CE22DDFA560078D700 /* ContactsViewModelProtocol.swift in Sources */,
				AF31FA1F20BECE31007F88B2 /* UIView.swift in Sources */,
				AF17F7D420BE769A003D82B1 /* String.swift in Sources */,
				AF013D2F22EDB73E00B8E28B /* PaginationHandlerProtocol.swift in Sources */,
				AF31FA2120BED8CD007F88B2 /* Gender.swift in Sources */,
				AF17F77920BE6434003D82B1 /* BusinessContacts.xcdatamodeld in Sources */,
				AF17F7D620BE769A003D82B1 /* RootViewManager.swift in Sources */,
				AF17F7EB20BE769A003D82B1 /* ImageManager.swift in Sources */,
				AF17F7EF20BE769A003D82B1 /* ParserHelper.swift in Sources */,
				AF17F7E720BE769A003D82B1 /* ThemeColor.swift in Sources */,
				AF013D2A22EDA9A100B8E28B /* PaginationModel.swift in Sources */,
				AF17F7D520BE769A003D82B1 /* Reachability.swift in Sources */,
				AFCA201120BE8BBB00E5C147 /* ContactsModel.swift in Sources */,
				AF17F7D320BE769A003D82B1 /* UIColor.swift in Sources */,
				AF17F7EE20BE769A003D82B1 /* RequestFactory.swift in Sources */,
				AF49B6A620BEA2EE00B01214 /* PortraitCollectionViewCell.swift in Sources */,
				AFCA202820BE8D4A00E5C147 /* ContactsService.swift in Sources */,
				AF013D3122EDC6DD00B8E28B /* Dynamic.swift in Sources */,
				AF17F7ED20BE769A003D82B1 /* RequestHandler.swift in Sources */,
				AF17F7E520BE769A003D82B1 /* AppDelegate.swift in Sources */,
				AF013D2D22EDB73000B8E28B /* PaginationHandler.swift in Sources */,
				AF17F7EA20BE769A003D82B1 /* ErrorResult.swift in Sources */,
				AF3EBCDC22EB1E04005D672D /* ContactType.swift in Sources */,
				AF17F7E920BE769A003D82B1 /* Result.swift in Sources */,
				AFCA200F20BE8A8500E5C147 /* ContactsDataSource.swift in Sources */,
				AF17F7E120BE769A003D82B1 /* DynamicValue.swift in Sources */,
			);
			runOnlyForDeploymentPostprocessing = 0;
		};
		AF17F78020BE6434003D82B1 /* Sources */ = {
			isa = PBXSourcesBuildPhase;
			buildActionMask = 2147483647;
			files = (
				AF17F78920BE6434003D82B1 /* BusinessContactsTests.swift in Sources */,
				AF31FA2920BEF574007F88B2 /* ContactsModelTests.swift in Sources */,
				AF31FA2320BEF522007F88B2 /* ContactsDataSourceTests.swift in Sources */,
				AF31FA2B20BEF5AB007F88B2 /* ContactsViewModelTests.swift in Sources */,
				AF31FA2520BEF543007F88B2 /* ContactsServiceTests.swift in Sources */,
				AF7E6B8F22E9BEB20003177B /* MockData.swift in Sources */,
				AF7E6B9122E9BED80003177B /* MockContactsService.swift in Sources */,
				AF31FA2720BEF55F007F88B2 /* ContactsViewControllerTests.swift in Sources */,
			);
			runOnlyForDeploymentPostprocessing = 0;
		};
		AF17F78B20BE6434003D82B1 /* Sources */ = {
			isa = PBXSourcesBuildPhase;
			buildActionMask = 2147483647;
			files = (
				AF17F79420BE6434003D82B1 /* BusinessContactsUITests.swift in Sources */,
			);
			runOnlyForDeploymentPostprocessing = 0;
		};
/* End PBXSourcesBuildPhase section */

/* Begin PBXTargetDependency section */
		AF17F78620BE6434003D82B1 /* PBXTargetDependency */ = {
			isa = PBXTargetDependency;
			target = AF17F76C20BE6434003D82B1 /* BusinessContacts */;
			targetProxy = AF17F78520BE6434003D82B1 /* PBXContainerItemProxy */;
		};
		AF17F79120BE6434003D82B1 /* PBXTargetDependency */ = {
			isa = PBXTargetDependency;
			target = AF17F76C20BE6434003D82B1 /* BusinessContacts */;
			targetProxy = AF17F79020BE6434003D82B1 /* PBXContainerItemProxy */;
		};
/* End PBXTargetDependency section */

/* Begin XCBuildConfiguration section */
		AF17F79620BE6434003D82B1 /* Debug */ = {
			isa = XCBuildConfiguration;
			buildSettings = {
				ALWAYS_SEARCH_USER_PATHS = NO;
				CLANG_ANALYZER_NONNULL = YES;
				CLANG_ANALYZER_NUMBER_OBJECT_CONVERSION = YES_AGGRESSIVE;
				CLANG_CXX_LANGUAGE_STANDARD = "gnu++14";
				CLANG_CXX_LIBRARY = "libc++";
				CLANG_ENABLE_MODULES = YES;
				CLANG_ENABLE_OBJC_ARC = YES;
				CLANG_WARN_BLOCK_CAPTURE_AUTORELEASING = YES;
				CLANG_WARN_BOOL_CONVERSION = YES;
				CLANG_WARN_COMMA = YES;
				CLANG_WARN_CONSTANT_CONVERSION = YES;
				CLANG_WARN_DEPRECATED_OBJC_IMPLEMENTATIONS = YES;
				CLANG_WARN_DIRECT_OBJC_ISA_USAGE = YES_ERROR;
				CLANG_WARN_DOCUMENTATION_COMMENTS = YES;
				CLANG_WARN_EMPTY_BODY = YES;
				CLANG_WARN_ENUM_CONVERSION = YES;
				CLANG_WARN_INFINITE_RECURSION = YES;
				CLANG_WARN_INT_CONVERSION = YES;
				CLANG_WARN_NON_LITERAL_NULL_CONVERSION = YES;
				CLANG_WARN_OBJC_IMPLICIT_RETAIN_SELF = YES;
				CLANG_WARN_OBJC_LITERAL_CONVERSION = YES;
				CLANG_WARN_OBJC_ROOT_CLASS = YES_ERROR;
				CLANG_WARN_RANGE_LOOP_ANALYSIS = YES;
				CLANG_WARN_STRICT_PROTOTYPES = YES;
				CLANG_WARN_SUSPICIOUS_MOVE = YES;
				CLANG_WARN_UNGUARDED_AVAILABILITY = YES_AGGRESSIVE;
				CLANG_WARN_UNREACHABLE_CODE = YES;
				CLANG_WARN__DUPLICATE_METHOD_MATCH = YES;
				CODE_SIGN_IDENTITY = "iPhone Developer";
				COPY_PHASE_STRIP = NO;
				DEBUG_INFORMATION_FORMAT = dwarf;
				ENABLE_STRICT_OBJC_MSGSEND = YES;
				ENABLE_TESTABILITY = YES;
				GCC_C_LANGUAGE_STANDARD = gnu11;
				GCC_DYNAMIC_NO_PIC = NO;
				GCC_NO_COMMON_BLOCKS = YES;
				GCC_OPTIMIZATION_LEVEL = 0;
				GCC_PREPROCESSOR_DEFINITIONS = (
					"DEBUG=1",
					"$(inherited)",
				);
				GCC_WARN_64_TO_32_BIT_CONVERSION = YES;
				GCC_WARN_ABOUT_RETURN_TYPE = YES_ERROR;
				GCC_WARN_UNDECLARED_SELECTOR = YES;
				GCC_WARN_UNINITIALIZED_AUTOS = YES_AGGRESSIVE;
				GCC_WARN_UNUSED_FUNCTION = YES;
				GCC_WARN_UNUSED_VARIABLE = YES;
				IPHONEOS_DEPLOYMENT_TARGET = 11.2;
				MTL_ENABLE_DEBUG_INFO = YES;
				ONLY_ACTIVE_ARCH = YES;
				SDKROOT = iphoneos;
				SWIFT_ACTIVE_COMPILATION_CONDITIONS = DEBUG;
				SWIFT_OPTIMIZATION_LEVEL = "-Onone";
			};
			name = Debug;
		};
		AF17F79720BE6434003D82B1 /* Release */ = {
			isa = XCBuildConfiguration;
			buildSettings = {
				ALWAYS_SEARCH_USER_PATHS = NO;
				CLANG_ANALYZER_NONNULL = YES;
				CLANG_ANALYZER_NUMBER_OBJECT_CONVERSION = YES_AGGRESSIVE;
				CLANG_CXX_LANGUAGE_STANDARD = "gnu++14";
				CLANG_CXX_LIBRARY = "libc++";
				CLANG_ENABLE_MODULES = YES;
				CLANG_ENABLE_OBJC_ARC = YES;
				CLANG_WARN_BLOCK_CAPTURE_AUTORELEASING = YES;
				CLANG_WARN_BOOL_CONVERSION = YES;
				CLANG_WARN_COMMA = YES;
				CLANG_WARN_CONSTANT_CONVERSION = YES;
				CLANG_WARN_DEPRECATED_OBJC_IMPLEMENTATIONS = YES;
				CLANG_WARN_DIRECT_OBJC_ISA_USAGE = YES_ERROR;
				CLANG_WARN_DOCUMENTATION_COMMENTS = YES;
				CLANG_WARN_EMPTY_BODY = YES;
				CLANG_WARN_ENUM_CONVERSION = YES;
				CLANG_WARN_INFINITE_RECURSION = YES;
				CLANG_WARN_INT_CONVERSION = YES;
				CLANG_WARN_NON_LITERAL_NULL_CONVERSION = YES;
				CLANG_WARN_OBJC_IMPLICIT_RETAIN_SELF = YES;
				CLANG_WARN_OBJC_LITERAL_CONVERSION = YES;
				CLANG_WARN_OBJC_ROOT_CLASS = YES_ERROR;
				CLANG_WARN_RANGE_LOOP_ANALYSIS = YES;
				CLANG_WARN_STRICT_PROTOTYPES = YES;
				CLANG_WARN_SUSPICIOUS_MOVE = YES;
				CLANG_WARN_UNGUARDED_AVAILABILITY = YES_AGGRESSIVE;
				CLANG_WARN_UNREACHABLE_CODE = YES;
				CLANG_WARN__DUPLICATE_METHOD_MATCH = YES;
				CODE_SIGN_IDENTITY = "iPhone Developer";
				COPY_PHASE_STRIP = NO;
				DEBUG_INFORMATION_FORMAT = "dwarf-with-dsym";
				ENABLE_NS_ASSERTIONS = NO;
				ENABLE_STRICT_OBJC_MSGSEND = YES;
				GCC_C_LANGUAGE_STANDARD = gnu11;
				GCC_NO_COMMON_BLOCKS = YES;
				GCC_WARN_64_TO_32_BIT_CONVERSION = YES;
				GCC_WARN_ABOUT_RETURN_TYPE = YES_ERROR;
				GCC_WARN_UNDECLARED_SELECTOR = YES;
				GCC_WARN_UNINITIALIZED_AUTOS = YES_AGGRESSIVE;
				GCC_WARN_UNUSED_FUNCTION = YES;
				GCC_WARN_UNUSED_VARIABLE = YES;
				IPHONEOS_DEPLOYMENT_TARGET = 11.2;
				MTL_ENABLE_DEBUG_INFO = NO;
				SDKROOT = iphoneos;
				SWIFT_OPTIMIZATION_LEVEL = "-Owholemodule";
				VALIDATE_PRODUCT = YES;
			};
			name = Release;
		};
		AF17F79920BE6434003D82B1 /* Debug */ = {
			isa = XCBuildConfiguration;
			baseConfigurationReference = 7228EB8617D5C8B87585AFCE /* Pods-BusinessContacts.debug.xcconfig */;
			buildSettings = {
				ASSETCATALOG_COMPILER_APPICON_NAME = AppIcon;
				CODE_SIGN_STYLE = Automatic;
				INFOPLIST_FILE = BusinessContacts/Info.plist;
				LD_RUNPATH_SEARCH_PATHS = "$(inherited) @executable_path/Frameworks";
				PRODUCT_BUNDLE_IDENTIFIER = Nischalhada.BusinessContacts;
				PRODUCT_NAME = "$(TARGET_NAME)";
				SWIFT_VERSION = 5.0;
				TARGETED_DEVICE_FAMILY = "1,2";
			};
			name = Debug;
		};
		AF17F79A20BE6434003D82B1 /* Release */ = {
			isa = XCBuildConfiguration;
			baseConfigurationReference = F8CB5819E750D87966824929 /* Pods-BusinessContacts.release.xcconfig */;
			buildSettings = {
				ASSETCATALOG_COMPILER_APPICON_NAME = AppIcon;
				CODE_SIGN_STYLE = Automatic;
				INFOPLIST_FILE = BusinessContacts/Info.plist;
				LD_RUNPATH_SEARCH_PATHS = "$(inherited) @executable_path/Frameworks";
				PRODUCT_BUNDLE_IDENTIFIER = Nischalhada.BusinessContacts;
				PRODUCT_NAME = "$(TARGET_NAME)";
				SWIFT_VERSION = 5.0;
				TARGETED_DEVICE_FAMILY = "1,2";
			};
			name = Release;
		};
		AF17F79C20BE6434003D82B1 /* Debug */ = {
			isa = XCBuildConfiguration;
			baseConfigurationReference = F83F1E6101AE239E057E9D96 /* Pods-BusinessContactsTests.debug.xcconfig */;
			buildSettings = {
				ALWAYS_EMBED_SWIFT_STANDARD_LIBRARIES = YES;
				BUNDLE_LOADER = "$(TEST_HOST)";
				CODE_SIGN_STYLE = Automatic;
				INFOPLIST_FILE = BusinessContactsTests/Info.plist;
				LD_RUNPATH_SEARCH_PATHS = "$(inherited) @executable_path/Frameworks @loader_path/Frameworks";
				PRODUCT_BUNDLE_IDENTIFIER = Nischalhada.BusinessContactsTests;
				PRODUCT_NAME = "$(TARGET_NAME)";
				SWIFT_VERSION = 5.0;
				TARGETED_DEVICE_FAMILY = "1,2";
				TEST_HOST = "$(BUILT_PRODUCTS_DIR)/BusinessContacts.app/BusinessContacts";
			};
			name = Debug;
		};
		AF17F79D20BE6434003D82B1 /* Release */ = {
			isa = XCBuildConfiguration;
			baseConfigurationReference = 87650F82D27C540EB4D73BBC /* Pods-BusinessContactsTests.release.xcconfig */;
			buildSettings = {
				ALWAYS_EMBED_SWIFT_STANDARD_LIBRARIES = YES;
				BUNDLE_LOADER = "$(TEST_HOST)";
				CODE_SIGN_STYLE = Automatic;
				INFOPLIST_FILE = BusinessContactsTests/Info.plist;
				LD_RUNPATH_SEARCH_PATHS = "$(inherited) @executable_path/Frameworks @loader_path/Frameworks";
				PRODUCT_BUNDLE_IDENTIFIER = Nischalhada.BusinessContactsTests;
				PRODUCT_NAME = "$(TARGET_NAME)";
				SWIFT_VERSION = 5.0;
				TARGETED_DEVICE_FAMILY = "1,2";
				TEST_HOST = "$(BUILT_PRODUCTS_DIR)/BusinessContacts.app/BusinessContacts";
			};
			name = Release;
		};
		AF17F79F20BE6434003D82B1 /* Debug */ = {
			isa = XCBuildConfiguration;
			baseConfigurationReference = 767F0CB1AEF8E6D04C08E481 /* Pods-BusinessContactsUITests.debug.xcconfig */;
			buildSettings = {
				ALWAYS_EMBED_SWIFT_STANDARD_LIBRARIES = YES;
				CODE_SIGN_STYLE = Automatic;
				INFOPLIST_FILE = BusinessContactsUITests/Info.plist;
				LD_RUNPATH_SEARCH_PATHS = "$(inherited) @executable_path/Frameworks @loader_path/Frameworks";
				PRODUCT_BUNDLE_IDENTIFIER = Nischalhada.BusinessContactsUITests;
				PRODUCT_NAME = "$(TARGET_NAME)";
				SWIFT_VERSION = 5.0;
				TARGETED_DEVICE_FAMILY = "1,2";
				TEST_TARGET_NAME = BusinessContacts;
			};
			name = Debug;
		};
		AF17F7A020BE6434003D82B1 /* Release */ = {
			isa = XCBuildConfiguration;
			baseConfigurationReference = 77E5D4C7DA82F4DB61B81F66 /* Pods-BusinessContactsUITests.release.xcconfig */;
			buildSettings = {
				ALWAYS_EMBED_SWIFT_STANDARD_LIBRARIES = YES;
				CODE_SIGN_STYLE = Automatic;
				INFOPLIST_FILE = BusinessContactsUITests/Info.plist;
				LD_RUNPATH_SEARCH_PATHS = "$(inherited) @executable_path/Frameworks @loader_path/Frameworks";
				PRODUCT_BUNDLE_IDENTIFIER = Nischalhada.BusinessContactsUITests;
				PRODUCT_NAME = "$(TARGET_NAME)";
				SWIFT_VERSION = 5.0;
				TARGETED_DEVICE_FAMILY = "1,2";
				TEST_TARGET_NAME = BusinessContacts;
			};
			name = Release;
		};
/* End XCBuildConfiguration section */

/* Begin XCConfigurationList section */
		AF17F76820BE6434003D82B1 /* Build configuration list for PBXProject "BusinessContacts" */ = {
			isa = XCConfigurationList;
			buildConfigurations = (
				AF17F79620BE6434003D82B1 /* Debug */,
				AF17F79720BE6434003D82B1 /* Release */,
			);
			defaultConfigurationIsVisible = 0;
			defaultConfigurationName = Release;
		};
		AF17F79820BE6434003D82B1 /* Build configuration list for PBXNativeTarget "BusinessContacts" */ = {
			isa = XCConfigurationList;
			buildConfigurations = (
				AF17F79920BE6434003D82B1 /* Debug */,
				AF17F79A20BE6434003D82B1 /* Release */,
			);
			defaultConfigurationIsVisible = 0;
			defaultConfigurationName = Release;
		};
		AF17F79B20BE6434003D82B1 /* Build configuration list for PBXNativeTarget "BusinessContactsTests" */ = {
			isa = XCConfigurationList;
			buildConfigurations = (
				AF17F79C20BE6434003D82B1 /* Debug */,
				AF17F79D20BE6434003D82B1 /* Release */,
			);
			defaultConfigurationIsVisible = 0;
			defaultConfigurationName = Release;
		};
		AF17F79E20BE6434003D82B1 /* Build configuration list for PBXNativeTarget "BusinessContactsUITests" */ = {
			isa = XCConfigurationList;
			buildConfigurations = (
				AF17F79F20BE6434003D82B1 /* Debug */,
				AF17F7A020BE6434003D82B1 /* Release */,
			);
			defaultConfigurationIsVisible = 0;
			defaultConfigurationName = Release;
		};
/* End XCConfigurationList section */

/* Begin XCVersionGroup section */
		AF17F77720BE6434003D82B1 /* BusinessContacts.xcdatamodeld */ = {
			isa = XCVersionGroup;
			children = (
				AF17F77820BE6434003D82B1 /* BusinessContacts.xcdatamodel */,
			);
			currentVersion = AF17F77820BE6434003D82B1 /* BusinessContacts.xcdatamodel */;
			path = BusinessContacts.xcdatamodeld;
			sourceTree = "<group>";
			versionGroupType = wrapper.xcdatamodel;
		};
/* End XCVersionGroup section */
	};
	rootObject = AF17F76520BE6434003D82B1 /* Project object */;
}
